
Microsoft Visual Studio Solution File, Format Version 12.00
# Visual Studio Version 16
VisualStudioVersion = 16.0.29021.104
MinimumVisualStudioVersion = 10.0.40219.1
Project("{9A19103F-16F7-4668-BE54-9A1E7A4F7556}") = "Thunder.Blazor", "Thunder.Blazor\Thunder.Blazor.csproj", "{618A25E7-0895-48C0-A9C7-7888AEF1BA7C}"
EndProject
Project("{2150E333-8FDC-42A3-9474-1A3956D46DE8}") = "Sample", "Sample", "{6C8F02A8-5660-4F10-9B56-CA414AFDFBB8}"
EndProject
Project("{2150E333-8FDC-42A3-9474-1A3956D46DE8}") = "Server", "Server", "{048EA55C-BEEC-44E0-BF58-FFE172EF3F61}"
EndProject
Project("{2150E333-8FDC-42A3-9474-1A3956D46DE8}") = "Client", "Client", "{080F8C95-4939-423A-8797-B49897185E14}"
EndProject
Project("{2150E333-8FDC-42A3-9474-1A3956D46DE8}") = "JsLibs", "JsLibs", "{CF57C840-C5CD-4E9A-87BF-9A655F04DA2B}"
EndProject
Project("{9A19103F-16F7-4668-BE54-9A1E7A4F7556}") = "Thunder.Blazor.Animate", "JsLibs\Thunder.Blazor.Animate\Thunder.Blazor.Animate.csproj", "{BB8B9FAA-B7E4-45AE-BAA6-72646931E3CC}"
EndProject
Project("{9A19103F-16F7-4668-BE54-9A1E7A4F7556}") = "Thunder.Blazor.Noty", "JsLibs\Thunder.Blazor.Noty\Thunder.Blazor.Noty.csproj", "{C1CF88A6-2F47-4889-92F0-A91E4339B5BB}"
EndProject
Project("{9A19103F-16F7-4668-BE54-9A1E7A4F7556}") = "Thunder.Blazor.DomObject", "JsLibs\Thunder.Blazor.DomObject\Thunder.Blazor.DomObject.csproj", "{122ED7B3-2B10-468A-BFFC-0606E68DD137}"
EndProject
Project("{2150E333-8FDC-42A3-9474-1A3956D46DE8}") = "Test", "Test", "{A9488432-328E-4D8A-8F41-CE21CB7C0A13}"
EndProject
Project("{9A19103F-16F7-4668-BE54-9A1E7A4F7556}") = "ThunderBlazorTest", "Test\ThunderBlazorTest\ThunderBlazorTest.csproj", "{C0A2BC6B-6C95-4222-8847-7392ED208970}"
EndProject
Project("{9A19103F-16F7-4668-BE54-9A1E7A4F7556}") = "Thunder.Blazor.CssBuilder", "Thunder.Blazor.CssBuilder\Thunder.Blazor.CssBuilder.csproj", "{B19D003E-5A61-4D3F-B593-BA123F8B9B42}"
EndProject
Project("{9A19103F-16F7-4668-BE54-9A1E7A4F7556}") = "UITest", "UITest\UITest.csproj", "{A12FEF4D-A71E-4635-A424-808567452206}"
EndProject
Project("{2150E333-8FDC-42A3-9474-1A3956D46DE8}") = "Bootstrap", "Bootstrap", "{B45EF321-CAD3-4E51-B950-B6EE563C7C04}"
EndProject
Project("{9A19103F-16F7-4668-BE54-9A1E7A4F7556}") = "Thunder.Blazor.Bootstrap", "Bootstrap\Thunder.Blazor.Bootstrap\Thunder.Blazor.Bootstrap.csproj", "{BFD45AB8-AFA1-44E8-A49D-CC806CDCAC71}"
EndProject
Project("{9A19103F-16F7-4668-BE54-9A1E7A4F7556}") = "Thunder.Blazor.AnimateTransition", "Thunder.Blazor.AnimateTransition\Thunder.Blazor.AnimateTransition.csproj", "{CCA531DC-CBB0-45F3-838C-043B92C3B592}"
EndProject
Project("{9A19103F-16F7-4668-BE54-9A1E7A4F7556}") = "ClientDemo", "Sample\ClientDemo\ClientDemo.csproj", "{6EB35B29-4AB5-4204-9A52-1C285C496F48}"
EndProject
Global
	GlobalSection(SolutionConfigurationPlatforms) = preSolution
		Debug|Any CPU = Debug|Any CPU
		Release|Any CPU = Release|Any CPU
	EndGlobalSection
	GlobalSection(ProjectConfigurationPlatforms) = postSolution
		{618A25E7-0895-48C0-A9C7-7888AEF1BA7C}.Debug|Any CPU.ActiveCfg = Debug|Any CPU
		{618A25E7-0895-48C0-A9C7-7888AEF1BA7C}.Debug|Any CPU.Build.0 = Debug|Any CPU
		{618A25E7-0895-48C0-A9C7-7888AEF1BA7C}.Release|Any CPU.ActiveCfg = Release|Any CPU
		{618A25E7-0895-48C0-A9C7-7888AEF1BA7C}.Release|Any CPU.Build.0 = Release|Any CPU
		{BB8B9FAA-B7E4-45AE-BAA6-72646931E3CC}.Debug|Any CPU.ActiveCfg = Debug|Any CPU
		{BB8B9FAA-B7E4-45AE-BAA6-72646931E3CC}.Debug|Any CPU.Build.0 = Debug|Any CPU
		{BB8B9FAA-B7E4-45AE-BAA6-72646931E3CC}.Release|Any CPU.ActiveCfg = Release|Any CPU
		{BB8B9FAA-B7E4-45AE-BAA6-72646931E3CC}.Release|Any CPU.Build.0 = Release|Any CPU
		{C1CF88A6-2F47-4889-92F0-A91E4339B5BB}.Debug|Any CPU.ActiveCfg = Debug|Any CPU
		{C1CF88A6-2F47-4889-92F0-A91E4339B5BB}.Debug|Any CPU.Build.0 = Debug|Any CPU
		{C1CF88A6-2F47-4889-92F0-A91E4339B5BB}.Release|Any CPU.ActiveCfg = Release|Any CPU
		{C1CF88A6-2F47-4889-92F0-A91E4339B5BB}.Release|Any CPU.Build.0 = Release|Any CPU
		{122ED7B3-2B10-468A-BFFC-0606E68DD137}.Debug|Any CPU.ActiveCfg = Debug|Any CPU
		{122ED7B3-2B10-468A-BFFC-0606E68DD137}.Debug|Any CPU.Build.0 = Debug|Any CPU
		{122ED7B3-2B10-468A-BFFC-0606E68DD137}.Release|Any CPU.ActiveCfg = Release|Any CPU
		{122ED7B3-2B10-468A-BFFC-0606E68DD137}.Release|Any CPU.Build.0 = Release|Any CPU
		{C0A2BC6B-6C95-4222-8847-7392ED208970}.Debug|Any CPU.ActiveCfg = Debug|Any CPU
		{C0A2BC6B-6C95-4222-8847-7392ED208970}.Debug|Any CPU.Build.0 = Debug|Any CPU
		{C0A2BC6B-6C95-4222-8847-7392ED208970}.Release|Any CPU.ActiveCfg = Release|Any CPU
		{C0A2BC6B-6C95-4222-8847-7392ED208970}.Release|Any CPU.Build.0 = Release|Any CPU
		{B19D003E-5A61-4D3F-B593-BA123F8B9B42}.Debug|Any CPU.ActiveCfg = Debug|Any CPU
		{B19D003E-5A61-4D3F-B593-BA123F8B9B42}.Debug|Any CPU.Build.0 = Debug|Any CPU
		{B19D003E-5A61-4D3F-B593-BA123F8B9B42}.Release|Any CPU.ActiveCfg = Release|Any CPU
		{B19D003E-5A61-4D3F-B593-BA123F8B9B42}.Release|Any CPU.Build.0 = Release|Any CPU
		{A12FEF4D-A71E-4635-A424-808567452206}.Debug|Any CPU.ActiveCfg = Debug|Any CPU
		{A12FEF4D-A71E-4635-A424-808567452206}.Debug|Any CPU.Build.0 = Debug|Any CPU
		{A12FEF4D-A71E-4635-A424-808567452206}.Release|Any CPU.ActiveCfg = Release|Any CPU
		{A12FEF4D-A71E-4635-A424-808567452206}.Release|Any CPU.Build.0 = Release|Any CPU
		{BFD45AB8-AFA1-44E8-A49D-CC806CDCAC71}.Debug|Any CPU.ActiveCfg = Debug|Any CPU
		{BFD45AB8-AFA1-44E8-A49D-CC806CDCAC71}.Debug|Any CPU.Build.0 = Debug|Any CPU
		{BFD45AB8-AFA1-44E8-A49D-CC806CDCAC71}.Release|Any CPU.ActiveCfg = Release|Any CPU
		{BFD45AB8-AFA1-44E8-A49D-CC806CDCAC71}.Release|Any CPU.Build.0 = Release|Any CPU
		{CCA531DC-CBB0-45F3-838C-043B92C3B592}.Debug|Any CPU.ActiveCfg = Debug|Any CPU
		{CCA531DC-CBB0-45F3-838C-043B92C3B592}.Debug|Any CPU.Build.0 = Debug|Any CPU
		{CCA531DC-CBB0-45F3-838C-043B92C3B592}.Release|Any CPU.ActiveCfg = Release|Any CPU
		{CCA531DC-CBB0-45F3-838C-043B92C3B592}.Release|Any CPU.Build.0 = Release|Any CPU
		{6EB35B29-4AB5-4204-9A52-1C285C496F48}.Debug|Any CPU.ActiveCfg = Debug|Any CPU
		{6EB35B29-4AB5-4204-9A52-1C285C496F48}.Debug|Any CPU.Build.0 = Debug|Any CPU
		{6EB35B29-4AB5-4204-9A52-1C285C496F48}.Release|Any CPU.ActiveCfg = Release|Any CPU
		{6EB35B29-4AB5-4204-9A52-1C285C496F48}.Release|Any CPU.Build.0 = Release|Any CPU
	EndGlobalSection
	GlobalSection(SolutionProperties) = preSolution
		HideSolutionNode = FALSE
	EndGlobalSection
	GlobalSection(NestedProjects) = preSolution
		{048EA55C-BEEC-44E0-BF58-FFE172EF3F61} = {6C8F02A8-5660-4F10-9B56-CA414AFDFBB8}
		{080F8C95-4939-423A-8797-B49897185E14} = {6C8F02A8-5660-4F10-9B56-CA414AFDFBB8}
		{BB8B9FAA-B7E4-45AE-BAA6-72646931E3CC} = {CF57C840-C5CD-4E9A-87BF-9A655F04DA2B}
		{C1CF88A6-2F47-4889-92F0-A91E4339B5BB} = {CF57C840-C5CD-4E9A-87BF-9A655F04DA2B}
		{122ED7B3-2B10-468A-BFFC-0606E68DD137} = {CF57C840-C5CD-4E9A-87BF-9A655F04DA2B}
		{C0A2BC6B-6C95-4222-8847-7392ED208970} = {A9488432-328E-4D8A-8F41-CE21CB7C0A13}
		{B19D003E-5A61-4D3F-B593-BA123F8B9B42} = {CF57C840-C5CD-4E9A-87BF-9A655F04DA2B}
		{A12FEF4D-A71E-4635-A424-808567452206} = {A9488432-328E-4D8A-8F41-CE21CB7C0A13}
		{BFD45AB8-AFA1-44E8-A49D-CC806CDCAC71} = {B45EF321-CAD3-4E51-B950-B6EE563C7C04}
		{CCA531DC-CBB0-45F3-838C-043B92C3B592} = {CF57C840-C5CD-4E9A-87BF-9A655F04DA2B}
		{6EB35B29-4AB5-4204-9A52-1C285C496F48} = {080F8C95-4939-423A-8797-B49897185E14}
	EndGlobalSection
	GlobalSection(ExtensibilityGlobals) = postSolution
		SolutionGuid = {9CCFF833-7926-4C38-BE1B-794E12DDC4A7}
	EndGlobalSection
EndGlobal
