
Microsoft Visual Studio Solution File, Format Version 12.00
# Visual Studio Version 16
VisualStudioVersion = 16.0.29021.104
MinimumVisualStudioVersion = 10.0.40219.1
Project("{9A19103F-16F7-4668-BE54-9A1E7A4F7556}") = "Thunder.Blazor", "Thunder.Blazor\Thunder.Blazor.csproj", "{618A25E7-0895-48C0-A9C7-7888AEF1BA7C}"
EndProject
Project("{2150E333-8FDC-42A3-9474-1A3956D46DE8}") = "Sample", "Sample", "{6C8F02A8-5660-4F10-9B56-CA414AFDFBB8}"
EndProject
Project("{2150E333-8FDC-42A3-9474-1A3956D46DE8}") = "Server", "Server", "{048EA55C-BEEC-44E0-BF58-FFE172EF3F61}"
EndProject
Project("{2150E333-8FDC-42A3-9474-1A3956D46DE8}") = "Client", "Client", "{080F8C95-4939-423A-8797-B49897185E14}"
EndProject
Project("{FAE04EC0-301F-11D3-BF4B-00C04F79EFBC}") = "ClientDemo.Server", "Sample\ClientDemo.Server\ClientDemo.Server.csproj", "{45ED8AB6-31B4-4D56-ACB0-60043D53DD5C}"
EndProject
Project("{FAE04EC0-301F-11D3-BF4B-00C04F79EFBC}") = "ClientDemo.Client", "Sample\ClientDemo.Client\ClientDemo.Client.csproj", "{04F92230-8487-4066-BF1F-4BF168819440}"
EndProject
Project("{FAE04EC0-301F-11D3-BF4B-00C04F79EFBC}") = "ClientDemo.Shared", "Sample\ClientDemo.Shared\ClientDemo.Shared.csproj", "{65DCBF07-8D48-451E-A9AE-9D5880D5D6BE}"
EndProject
Global
	GlobalSection(SolutionConfigurationPlatforms) = preSolution
		Debug|Any CPU = Debug|Any CPU
		Release|Any CPU = Release|Any CPU
	EndGlobalSection
	GlobalSection(ProjectConfigurationPlatforms) = postSolution
		{618A25E7-0895-48C0-A9C7-7888AEF1BA7C}.Debug|Any CPU.ActiveCfg = Debug|Any CPU
		{618A25E7-0895-48C0-A9C7-7888AEF1BA7C}.Debug|Any CPU.Build.0 = Debug|Any CPU
		{618A25E7-0895-48C0-A9C7-7888AEF1BA7C}.Release|Any CPU.ActiveCfg = Release|Any CPU
		{618A25E7-0895-48C0-A9C7-7888AEF1BA7C}.Release|Any CPU.Build.0 = Release|Any CPU
		{45ED8AB6-31B4-4D56-ACB0-60043D53DD5C}.Debug|Any CPU.ActiveCfg = Debug|Any CPU
		{45ED8AB6-31B4-4D56-ACB0-60043D53DD5C}.Debug|Any CPU.Build.0 = Debug|Any CPU
		{45ED8AB6-31B4-4D56-ACB0-60043D53DD5C}.Release|Any CPU.ActiveCfg = Release|Any CPU
		{45ED8AB6-31B4-4D56-ACB0-60043D53DD5C}.Release|Any CPU.Build.0 = Release|Any CPU
		{04F92230-8487-4066-BF1F-4BF168819440}.Debug|Any CPU.ActiveCfg = Debug|Any CPU
		{04F92230-8487-4066-BF1F-4BF168819440}.Debug|Any CPU.Build.0 = Debug|Any CPU
		{04F92230-8487-4066-BF1F-4BF168819440}.Release|Any CPU.ActiveCfg = Release|Any CPU
		{04F92230-8487-4066-BF1F-4BF168819440}.Release|Any CPU.Build.0 = Release|Any CPU
		{65DCBF07-8D48-451E-A9AE-9D5880D5D6BE}.Debug|Any CPU.ActiveCfg = Debug|Any CPU
		{65DCBF07-8D48-451E-A9AE-9D5880D5D6BE}.Debug|Any CPU.Build.0 = Debug|Any CPU
		{65DCBF07-8D48-451E-A9AE-9D5880D5D6BE}.Release|Any CPU.ActiveCfg = Release|Any CPU
		{65DCBF07-8D48-451E-A9AE-9D5880D5D6BE}.Release|Any CPU.Build.0 = Release|Any CPU
	EndGlobalSection
	GlobalSection(SolutionProperties) = preSolution
		HideSolutionNode = FALSE
	EndGlobalSection
	GlobalSection(NestedProjects) = preSolution
		{048EA55C-BEEC-44E0-BF58-FFE172EF3F61} = {6C8F02A8-5660-4F10-9B56-CA414AFDFBB8}
		{080F8C95-4939-423A-8797-B49897185E14} = {6C8F02A8-5660-4F10-9B56-CA414AFDFBB8}
		{45ED8AB6-31B4-4D56-ACB0-60043D53DD5C} = {080F8C95-4939-423A-8797-B49897185E14}
		{04F92230-8487-4066-BF1F-4BF168819440} = {080F8C95-4939-423A-8797-B49897185E14}
		{65DCBF07-8D48-451E-A9AE-9D5880D5D6BE} = {080F8C95-4939-423A-8797-B49897185E14}
	EndGlobalSection
	GlobalSection(ExtensibilityGlobals) = postSolution
		SolutionGuid = {9CCFF833-7926-4C38-BE1B-794E12DDC4A7}
	EndGlobalSection
EndGlobal
